{
  "version": 1,
  "dependencies": {
    "net6.0": {
      "Microsoft.CodeAnalysis.NetAnalyzers": {
        "type": "Direct",
        "requested": "[*-*, )",
        "resolved": "8.0.0-preview1.23165.1",
        "contentHash": "0OwNin5K0hEXpV3WU8AwtZ48Dt5jLTu4wGjHsMfnstJ1HJj/qL/rZSCtLiZPqOgR2MyAfp28uNw5AEuJpLMggA=="
      },
      "Microsoft.NET.ILLink.Analyzers": {
        "type": "Direct",
        "requested": "[7.0.100-1.23211.1, )",
        "resolved": "7.0.100-1.23211.1",
        "contentHash": "0GvbEgDGcUQA9KuWcQU1WwYHXt1tBzNr1Nls/M57rM7NA/AndFwCaCEoJpJkmxRY7xLlPDBnmGp8h5+FNqUngg=="
      },
      "Microsoft.NET.ILLink.Tasks": {
        "type": "Direct",
        "requested": "[7.0.100-1.23211.1, )",
        "resolved": "7.0.100-1.23211.1",
        "contentHash": "tvG8XZYLjT0o3WicCyKBZysVWo1jC9HdCFmNRmddx3WbAz0UCsd0qKZqpiEo99VLA8Re+FzWK51OcRldQPbt2Q=="
      },
      "Microsoft.SourceLink.GitHub": {
        "type": "Direct",
        "requested": "[8.0.0, )",
        "resolved": "8.0.0",
        "contentHash": "G5q7OqtwIyGTkeIOAc3u2ZuV/kicQaec5EaRnc0pIeSnh9LUjj+PYQrJYBURvDt7twGl2PKA7nSN0kz1Zw5bnQ==",
        "dependencies": {
          "Microsoft.Build.Tasks.Git": "8.0.0",
          "Microsoft.SourceLink.Common": "8.0.0"
        }
      },
      "Spectre.Console.Cli": {
        "type": "Direct",
        "requested": "[0.47.0, )",
        "resolved": "0.47.0",
        "contentHash": "S2cZCbve4fAgRtigNUNZbF+NLQJcAapSqSbbDYqLtqXJcIZ6tKiRTveYe05d+oLY2bAmP7sgnLdzVknGXruy2Q==",
        "dependencies": {
          "Spectre.Console": "0.47.0"
        }
      },
      "Microsoft.Build.Tasks.Git": {
        "type": "Transitive",
        "resolved": "8.0.0",
        "contentHash": "bZKfSIKJRXLTuSzLudMFte/8CempWjVamNUR5eHJizsy+iuOuO/k2gnh7W0dHJmYY0tBf+gUErfluCv5mySAOQ=="
      },
      "Microsoft.SourceLink.Common": {
        "type": "Transitive",
        "resolved": "8.0.0",
        "contentHash": "dk9JPxTCIevS75HyEQ0E4OVAFhB2N+V9ShCXf8Q6FkUQZDkgLI12y679Nym1YqsiSysuQskT7Z+6nUf3yab6Vw=="
      },
      "Spectre.Console": {
        "type": "Transitive",
        "resolved": "0.47.0",
        "contentHash": "wz8mszcZr0cSOo8GyoG9e2DFW0SkMT8/n78Q/lIXX7EbCtHNXOoOKWpJ9Str+rCYtmQOGGyDutZzubrUHK/XkA==",
        "dependencies": {
          "System.Memory": "4.5.5"
        }
      },
      "System.IO.Pipelines": {
        "type": "Transitive",
        "resolved": "8.0.0",
        "contentHash": "FHNOatmUq0sqJOkTx+UF/9YK1f180cnW5FVqnQMvYUN0elp6wFzbtPSiqbo1/ru8ICp43JM1i7kKkk6GsNGHlA=="
      },
      "System.Memory": {
        "type": "Transitive",
        "resolved": "4.5.5",
        "contentHash": "XIWiDvKPXaTveaB7HVganDlOCRoj03l+jrwNvcge/t8vhGYKvqV+dMv6G4SAX2NoNmN0wZfVPTAlFwZcZvVOUw=="
      },
      "System.Runtime.CompilerServices.Unsafe": {
        "type": "Transitive",
        "resolved": "6.0.0",
        "contentHash": "/iUeP3tq1S0XdNNoMz5C9twLSrM/TH+qElHkXWaPvuNOt+99G75NrV0OS2EqHx5wMN7popYjpc8oTjC1y16DLg=="
      },
      "corercon": {
        "type": "Project",
        "dependencies": {
          "CoreRCON.Parsers": "[1.0.0, )",
          "System.IO.Pipelines": "[8.0.0, )"
        }
      },
      "corercon.parsers": {
        "type": "Project",
        "dependencies": {
          "System.Runtime.CompilerServices.Unsafe": "[6.0.0, )"
        }
      }
    },
    "net8.0": {
      "Microsoft.CodeAnalysis.NetAnalyzers": {
        "type": "Direct",
        "requested": "[*-*, )",
        "resolved": "8.0.0-preview1.23165.1",
        "contentHash": "0OwNin5K0hEXpV3WU8AwtZ48Dt5jLTu4wGjHsMfnstJ1HJj/qL/rZSCtLiZPqOgR2MyAfp28uNw5AEuJpLMggA=="
      },
      "Microsoft.NET.ILLink.Tasks": {
        "type": "Direct",
        "requested": "[8.0.0, )",
        "resolved": "8.0.0",
        "contentHash": "B3etT5XQ2nlWkZGO2m/ytDYrOmSsQG1XNBaM6ZYlX5Ch/tDrMFadr0/mK6gjZwaQc55g+5+WZMw4Cz3m8VEF7g=="
      },
      "Microsoft.SourceLink.GitHub": {
        "type": "Direct",
        "requested": "[8.0.0, )",
        "resolved": "8.0.0",
        "contentHash": "G5q7OqtwIyGTkeIOAc3u2ZuV/kicQaec5EaRnc0pIeSnh9LUjj+PYQrJYBURvDt7twGl2PKA7nSN0kz1Zw5bnQ==",
        "dependencies": {
          "Microsoft.Build.Tasks.Git": "8.0.0",
          "Microsoft.SourceLink.Common": "8.0.0"
        }
      },
      "Spectre.Console.Cli": {
        "type": "Direct",
        "requested": "[0.47.0, )",
        "resolved": "0.47.0",
        "contentHash": "S2cZCbve4fAgRtigNUNZbF+NLQJcAapSqSbbDYqLtqXJcIZ6tKiRTveYe05d+oLY2bAmP7sgnLdzVknGXruy2Q==",
        "dependencies": {
          "Spectre.Console": "0.47.0"
        }
      },
      "Microsoft.Build.Tasks.Git": {
        "type": "Transitive",
        "resolved": "8.0.0",
        "contentHash": "bZKfSIKJRXLTuSzLudMFte/8CempWjVamNUR5eHJizsy+iuOuO/k2gnh7W0dHJmYY0tBf+gUErfluCv5mySAOQ=="
      },
      "Microsoft.SourceLink.Common": {
        "type": "Transitive",
        "resolved": "8.0.0",
        "contentHash": "dk9JPxTCIevS75HyEQ0E4OVAFhB2N+V9ShCXf8Q6FkUQZDkgLI12y679Nym1YqsiSysuQskT7Z+6nUf3yab6Vw=="
      },
      "Spectre.Console": {
        "type": "Transitive",
        "resolved": "0.47.0",
        "contentHash": "wz8mszcZr0cSOo8GyoG9e2DFW0SkMT8/n78Q/lIXX7EbCtHNXOoOKWpJ9Str+rCYtmQOGGyDutZzubrUHK/XkA==",
        "dependencies": {
          "System.Memory": "4.5.5"
        }
      },
      "System.IO.Pipelines": {
        "type": "Transitive",
        "resolved": "8.0.0",
        "contentHash": "FHNOatmUq0sqJOkTx+UF/9YK1f180cnW5FVqnQMvYUN0elp6wFzbtPSiqbo1/ru8ICp43JM1i7kKkk6GsNGHlA=="
      },
      "System.Memory": {
        "type": "Transitive",
        "resolved": "4.5.5",
        "contentHash": "XIWiDvKPXaTveaB7HVganDlOCRoj03l+jrwNvcge/t8vhGYKvqV+dMv6G4SAX2NoNmN0wZfVPTAlFwZcZvVOUw=="
      },
      "System.Runtime.CompilerServices.Unsafe": {
        "type": "Transitive",
        "resolved": "6.0.0",
        "contentHash": "/iUeP3tq1S0XdNNoMz5C9twLSrM/TH+qElHkXWaPvuNOt+99G75NrV0OS2EqHx5wMN7popYjpc8oTjC1y16DLg=="
      },
      "corercon": {
        "type": "Project",
        "dependencies": {
          "CoreRCON.Parsers": "[1.0.0, )",
          "System.IO.Pipelines": "[8.0.0, )"
        }
      },
      "corercon.parsers": {
        "type": "Project",
        "dependencies": {
          "System.Runtime.CompilerServices.Unsafe": "[6.0.0, )"
        }
      }
    }
  }
}