{
  "version": 1,
  "dependencies": {
    "net9.0": {
      "Devlooped.CredentialManager": {
        "type": "Direct",
        "requested": "[2.6.1.1, )",
        "resolved": "2.6.1.1",
        "contentHash": "kfkppGT1JWFOT6e7VxV/5xQ/v/Wn8mpYmxa2VpQmOzXJfm/NWCS0QOwgPiR3z8Q5VzQENqXBBGbuExwyEkZwjQ==",
        "dependencies": {
          "DotNetConfig": "1.2.0",
          "System.Security.Cryptography.ProtectedData": "8.0.0",
          "System.Text.Json": "8.0.5"
        }
      },
      "Microsoft.Extensions.DependencyInjection": {
        "type": "Direct",
        "requested": "[10.0.3, )",
        "resolved": "10.0.3",
        "contentHash": "2DLOmC0EkB2smVK8lPP1PIKEgL1arE3CMp9XSIQB/Y7ev5nnnyuM/PizKJ6QfLD08QCYoopSC9SFdbYglDomYg==",
        "dependencies": {
          "Microsoft.Extensions.DependencyInjection.Abstractions": "10.0.3"
        }
      },
      "Microsoft.NET.ILLink.Tasks": {
        "type": "Direct",
        "requested": "[9.0.13, )",
        "resolved": "9.0.13",
        "contentHash": "f7t15I9ZXV7fNk3FIzPAlkJNG1A1tkSeDpRh+TFWEToGGqA+uj6uqU15I8YOkkYICNY2tqOVm2CMe6ScPFPwEg=="
      },
      "Microsoft.Sbom.Targets": {
        "type": "Direct",
        "requested": "[4.1.5, )",
        "resolved": "4.1.5",
        "contentHash": "i5z+cNu/cOcdO0AgFB8aXk8w6In2H+haaDfSgd9ImvQIK+rSHavHZIogVoAZLL8jLwYx4bAcs5b7EyuMMG4mQQ=="
      },
      "Microsoft.SourceLink.GitHub": {
        "type": "Direct",
        "requested": "[10.0.103, )",
        "resolved": "10.0.103",
        "contentHash": "qZk7r40ftpZY+/sO019sgWAWfNqC2CLSspDdAxNYCJU/bCi/8jVwvOMjzb/d5gjCRNzQ4OCYgBfhdpQyVwLTyw==",
        "dependencies": {
          "Microsoft.Build.Tasks.Git": "10.0.103",
          "Microsoft.SourceLink.Common": "10.0.103"
        }
      },
      "MinVer": {
        "type": "Direct",
        "requested": "[7.0.0, )",
        "resolved": "7.0.0",
        "contentHash": "2lMTCQl5bGP4iv0JNkockPnyllC6eHLz+CoK2ICvalvHod+exXSxueu9hq+zNkU7bZBJf8wMfeRC/Edn8AGmEg=="
      },
      "Spectre.Console.Cli": {
        "type": "Direct",
        "requested": "[0.53.1, )",
        "resolved": "0.53.1",
        "contentHash": "y//7ZZ0shhvgXzoJXJzMaLGA4dPem8qCbkyv9khfE8NQDlH4hPVsHOHYoz6uzAwiTX9Yd7OnX3wNOX/wRfPUOg==",
        "dependencies": {
          "Spectre.Console": "0.53.1"
        }
      },
      "DotNetConfig": {
        "type": "Transitive",
        "resolved": "1.2.0",
        "contentHash": "eK8k2ZN9/+kfBJmGkY6UvP7za6LL11KmHEPQhqrYDYYpFtLlgguIkD3YLW0l0COIt5ys57y7Vk18gCiwuG0XFA==",
        "dependencies": {
          "System.Collections.Immutable": "6.0.0"
        }
      },
      "Microsoft.Build.Tasks.Git": {
        "type": "Transitive",
        "resolved": "10.0.103",
        "contentHash": "QoiCMcPuxC6eqRQmrmF9zBY96ejIznXtve/lJJbonGD9I5Aygf2AUCOWslGiCEtBbfWRSuUnepBjuuVOdAl5ag=="
      },
      "Microsoft.Extensions.DependencyInjection.Abstractions": {
        "type": "Transitive",
        "resolved": "10.0.3",
        "contentHash": "bwGMrRcAMWx2s/RDgja97p27rxSz2pEQW0+rX5cWAUWVETVJ/eyxGfjAl8vuG5a+lckWmPIE+vcuaZNVB5YDdw=="
      },
      "Microsoft.SourceLink.Common": {
        "type": "Transitive",
        "resolved": "10.0.103",
        "contentHash": "cMtGW5/r0ck72Jg2QwZcNTX59z+iB/B1kW84VMa/eX8L19DhHIuIcQjfK0pgLLBxd60Jl0Bj9GUolcM0MnJnZA=="
      },
      "Spectre.Console": {
        "type": "Transitive",
        "resolved": "0.53.1",
        "contentHash": "wNLoytZpc7brgH3V9ZmrRyQqplOQUnNkEu1qSjRnEa0KOGvWAxgdEG6jmFTfyXKzO7p1pTLBHYH+AgxsWi69Cg=="
      },
      "System.Collections.Immutable": {
        "type": "Transitive",
        "resolved": "6.0.0",
        "contentHash": "l4zZJ1WU2hqpQQHXz1rvC3etVZN+2DLmQMO79FhOTZHMn8tDRr+WU287sbomD0BETlmKDn0ygUgVy9k5xkkJdA==",
        "dependencies": {
          "System.Runtime.CompilerServices.Unsafe": "6.0.0"
        }
      },
      "System.Runtime.CompilerServices.Unsafe": {
        "type": "Transitive",
        "resolved": "6.0.0",
        "contentHash": "/iUeP3tq1S0XdNNoMz5C9twLSrM/TH+qElHkXWaPvuNOt+99G75NrV0OS2EqHx5wMN7popYjpc8oTjC1y16DLg=="
      },
      "System.Security.Cryptography.ProtectedData": {
        "type": "Transitive",
        "resolved": "8.0.0",
        "contentHash": "+TUFINV2q2ifyXauQXRwy4CiBhqvDEDZeVJU7qfxya4aRYOKzVBpN+4acx25VcPB9ywUN6C0n8drWl110PhZEg=="
      },
      "System.Text.Json": {
        "type": "Transitive",
        "resolved": "8.0.5",
        "contentHash": "0f1B50Ss7rqxXiaBJyzUu9bWFOO2/zSlifZ/UNMdiIpDYe4cY4LQQicP4nirK1OS31I43rn062UIJ1Q9bpmHpg=="
      },
      "racoon": {
        "type": "Project",
        "dependencies": {
          "Racoon.Parsers": "[1.0.0, )"
        }
      },
      "racoon.parsers": {
        "type": "Project"
      }
    }
  }
}